
Microsoft Visual Studio Solution File, Format Version 12.00
# Visual Studio 15
VisualStudioVersion = 15.0.27703.2000
MinimumVisualStudioVersion = 10.0.40219.1
Project("{FAE04EC0-301F-11D3-BF4B-00C04F79EFBC}") = "DT API CSharp Example", "DT API CSharp Example\DT API CSharp Example.csproj", "{CFBFC659-5612-4332-A982-B554B24470F4}"
EndProject
Global
	GlobalSection(SolutionConfigurationPlatforms) = preSolution
		Debug|Any CPU = Debug|Any CPU
		Release|Any CPU = Release|Any CPU
	EndGlobalSection
	GlobalSection(ProjectConfigurationPlatforms) = postSolution
		{CFBFC659-5612-4332-A982-B554B24470F4}.Debug|Any CPU.ActiveCfg = Debug|Any CPU
		{CFBFC659-5612-4332-A982-B554B24470F4}.Debug|Any CPU.Build.0 = Debug|Any CPU
		{CFBFC659-5612-4332-A982-B554B24470F4}.Release|Any CPU.ActiveCfg = Release|Any CPU
		{CFBFC659-5612-4332-A982-B554B24470F4}.Release|Any CPU.Build.0 = Release|Any CPU
	EndGlobalSection
	GlobalSection(SolutionProperties) = preSolution
		HideSolutionNode = FALSE
	EndGlobalSection
	GlobalSection(ExtensibilityGlobals) = postSolution
		SolutionGuid = {C4A67FB8-EAE5-41B8-9AB1-D0F5164BC6A2}
	EndGlobalSection
EndGlobal
